Microsoft Visual Studio Solution File, Format Version 11.00
# Visual Studio 2008

Project("{5F65413A-5362-EAA0-4B4E-5E7111DD6EB9}") = "1-15-14", "Assembly-CSharp-firstpass-vs.csproj", "{AE0F58F9-0162-92C6-3442-AF8EED80B826}"
EndProject
Project("{5F65413A-5362-EAA0-4B4E-5E7111DD6EB9}") = "1-15-14", "Assembly-CSharp-vs.csproj", "{38CF06AE-25DA-7851-CD36-81FDF657BD81}"
EndProject
Project("{5F65413A-5362-EAA0-4B4E-5E7111DD6EB9}") = "1-15-14", "Assembly-CSharp-Editor-vs.csproj", "{24AF51EE-0ECF-A7B9-B52E-B1DE89118B8C}"
EndProject
Global
	GlobalSection(SolutionConfigurationPlatforms) = preSolution
		Debug|Any CPU = Debug|Any CPU
		Release|Any CPU = Release|Any CPU
	EndGlobalSection
	GlobalSection(ProjectConfigurationPlatforms) = postSolution
		{AE0F58F9-0162-92C6-3442-AF8EED80B826}.Debug|Any CPU.ActiveCfg = Debug|Any CPU
		{AE0F58F9-0162-92C6-3442-AF8EED80B826}.Debug|Any CPU.Build.0 = Debug|Any CPU
		{AE0F58F9-0162-92C6-3442-AF8EED80B826}.Release|Any CPU.ActiveCfg = Release|Any CPU
		{AE0F58F9-0162-92C6-3442-AF8EED80B826}.Release|Any CPU.Build.0 = Release|Any CPU
		{38CF06AE-25DA-7851-CD36-81FDF657BD81}.Debug|Any CPU.ActiveCfg = Debug|Any CPU
		{38CF06AE-25DA-7851-CD36-81FDF657BD81}.Debug|Any CPU.Build.0 = Debug|Any CPU
		{38CF06AE-25DA-7851-CD36-81FDF657BD81}.Release|Any CPU.ActiveCfg = Release|Any CPU
		{38CF06AE-25DA-7851-CD36-81FDF657BD81}.Release|Any CPU.Build.0 = Release|Any CPU
		{24AF51EE-0ECF-A7B9-B52E-B1DE89118B8C}.Debug|Any CPU.ActiveCfg = Debug|Any CPU
		{24AF51EE-0ECF-A7B9-B52E-B1DE89118B8C}.Debug|Any CPU.Build.0 = Debug|Any CPU
		{24AF51EE-0ECF-A7B9-B52E-B1DE89118B8C}.Release|Any CPU.ActiveCfg = Release|Any CPU
		{24AF51EE-0ECF-A7B9-B52E-B1DE89118B8C}.Release|Any CPU.Build.0 = Release|Any CPU
	EndGlobalSection
	GlobalSection(SolutionProperties) = preSolution
		HideSolutionNode = FALSE
	EndGlobalSection
		GlobalSection(MonoDevelopProperties) = preSolution
		StartupItem = Assembly-CSharp.csproj
		Policies = $0
		$0.TextStylePolicy = $1
		$1.inheritsSet = null
		$1.scope = text/x-csharp
		$0.CSharpFormattingPolicy = $2
		$2.inheritsSet = Mono
		$2.inheritsScope = text/x-csharp
		$2.scope = text/x-csharp
		$0.TextStylePolicy = $3
		$3.FileWidth = 120
		$3.TabWidth = 4
		$3.EolMarker = Unix
		$3.inheritsSet = Mono
		$3.inheritsScope = text/plain
		$3.scope = text/plain
	EndGlobalSection

EndGlobal
