Microsoft Visual Studio Solution File, Format Version 11.00
# Visual Studio 2008

Project("{8598ABEF-1B85-CB59-C7FE-8CA4309336A7}") = "3-15-14a", "Assembly-CSharp-firstpass.csproj", "{995CD51E-5281-5122-3F40-98FEF8F80FC5}"
EndProject
Project("{8598ABEF-1B85-CB59-C7FE-8CA4309336A7}") = "3-15-14a", "Assembly-CSharp.csproj", "{56F9D7EF-68C8-D03C-7CAB-7389109EE62B}"
EndProject
Project("{8598ABEF-1B85-CB59-C7FE-8CA4309336A7}") = "3-15-14a", "Assembly-CSharp-Editor.csproj", "{988DC221-4F15-08F0-74D8-468F131EFB9E}"
EndProject
Project("{8598ABEF-1B85-CB59-C7FE-8CA4309336A7}") = "3-15-14a", "Assembly-UnityScript-firstpass.unityproj", "{ABF97204-91E2-ADEC-00A4-5D10F5A5AA99}"
EndProject
Project("{8598ABEF-1B85-CB59-C7FE-8CA4309336A7}") = "3-15-14a", "Assembly-UnityScript.unityproj", "{5DF44D80-E925-DB81-6932-54CFA20F1680}"
EndProject
Global
	GlobalSection(SolutionConfigurationPlatforms) = preSolution
		Debug|Any CPU = Debug|Any CPU
		Release|Any CPU = Release|Any CPU
	EndGlobalSection
	GlobalSection(ProjectConfigurationPlatforms) = postSolution
		{995CD51E-5281-5122-3F40-98FEF8F80FC5}.Debug|Any CPU.ActiveCfg = Debug|Any CPU
		{995CD51E-5281-5122-3F40-98FEF8F80FC5}.Debug|Any CPU.Build.0 = Debug|Any CPU
		{995CD51E-5281-5122-3F40-98FEF8F80FC5}.Release|Any CPU.ActiveCfg = Release|Any CPU
		{995CD51E-5281-5122-3F40-98FEF8F80FC5}.Release|Any CPU.Build.0 = Release|Any CPU
		{56F9D7EF-68C8-D03C-7CAB-7389109EE62B}.Debug|Any CPU.ActiveCfg = Debug|Any CPU
		{56F9D7EF-68C8-D03C-7CAB-7389109EE62B}.Debug|Any CPU.Build.0 = Debug|Any CPU
		{56F9D7EF-68C8-D03C-7CAB-7389109EE62B}.Release|Any CPU.ActiveCfg = Release|Any CPU
		{56F9D7EF-68C8-D03C-7CAB-7389109EE62B}.Release|Any CPU.Build.0 = Release|Any CPU
		{988DC221-4F15-08F0-74D8-468F131EFB9E}.Debug|Any CPU.ActiveCfg = Debug|Any CPU
		{988DC221-4F15-08F0-74D8-468F131EFB9E}.Debug|Any CPU.Build.0 = Debug|Any CPU
		{988DC221-4F15-08F0-74D8-468F131EFB9E}.Release|Any CPU.ActiveCfg = Release|Any CPU
		{988DC221-4F15-08F0-74D8-468F131EFB9E}.Release|Any CPU.Build.0 = Release|Any CPU
		{ABF97204-91E2-ADEC-00A4-5D10F5A5AA99}.Debug|Any CPU.ActiveCfg = Debug|Any CPU
		{ABF97204-91E2-ADEC-00A4-5D10F5A5AA99}.Debug|Any CPU.Build.0 = Debug|Any CPU
		{ABF97204-91E2-ADEC-00A4-5D10F5A5AA99}.Release|Any CPU.ActiveCfg = Release|Any CPU
		{ABF97204-91E2-ADEC-00A4-5D10F5A5AA99}.Release|Any CPU.Build.0 = Release|Any CPU
		{5DF44D80-E925-DB81-6932-54CFA20F1680}.Debug|Any CPU.ActiveCfg = Debug|Any CPU
		{5DF44D80-E925-DB81-6932-54CFA20F1680}.Debug|Any CPU.Build.0 = Debug|Any CPU
		{5DF44D80-E925-DB81-6932-54CFA20F1680}.Release|Any CPU.ActiveCfg = Release|Any CPU
		{5DF44D80-E925-DB81-6932-54CFA20F1680}.Release|Any CPU.Build.0 = Release|Any CPU
	EndGlobalSection
	GlobalSection(SolutionProperties) = preSolution
		HideSolutionNode = FALSE
	EndGlobalSection
			GlobalSection(MonoDevelopProperties) = preSolution
		StartupItem = Assembly-CSharp.csproj
		Policies = $0
		$0.TextStylePolicy = $1
		$1.inheritsSet = null
		$1.scope = text/x-csharp
		$0.CSharpFormattingPolicy = $2
		$2.inheritsSet = Mono
		$2.inheritsScope = text/x-csharp
		$2.scope = text/x-csharp
		$0.TextStylePolicy = $3
		$3.FileWidth = 120
		$3.TabWidth = 4
		$3.EolMarker = Unix
		$3.inheritsSet = Mono
		$3.inheritsScope = text/plain
		$3.scope = text/plain
	EndGlobalSection

EndGlobal
