Microsoft Visual Studio Solution File, Format Version 11.00
# Visual Studio 2008

Project("{1A2A3867-4DA9-BDD4-D890-9924CE2BF1AA}") = "SDHProject 2", "Assembly-CSharp-firstpass.csproj", "{FCB4D1DD-4168-DF1A-625E-202D2BBE8227}"
EndProject
Project("{1A2A3867-4DA9-BDD4-D890-9924CE2BF1AA}") = "SDHProject 2", "Assembly-CSharp.csproj", "{59724532-0D25-BC9C-1571-9167208BB6FA}"
EndProject
Project("{1A2A3867-4DA9-BDD4-D890-9924CE2BF1AA}") = "SDHProject 2", "Assembly-CSharp-Editor.csproj", "{459F5915-2245-0FEB-1FE9-5DEAD506504C}"
EndProject
Project("{1A2A3867-4DA9-BDD4-D890-9924CE2BF1AA}") = "SDHProject 2", "Assembly-UnityScript-firstpass.unityproj", "{9B3A5944-EDC9-10F7-597B-66A941D67553}"
EndProject
Project("{1A2A3867-4DA9-BDD4-D890-9924CE2BF1AA}") = "SDHProject 2", "Assembly-UnityScript.unityproj", "{EBC4E49E-44B0-BABB-A565-8F6CFF327793}"
EndProject
Global
	GlobalSection(SolutionConfigurationPlatforms) = preSolution
		Debug|Any CPU = Debug|Any CPU
		Release|Any CPU = Release|Any CPU
	EndGlobalSection
	GlobalSection(ProjectConfigurationPlatforms) = postSolution
		{FCB4D1DD-4168-DF1A-625E-202D2BBE8227}.Debug|Any CPU.ActiveCfg = Debug|Any CPU
		{FCB4D1DD-4168-DF1A-625E-202D2BBE8227}.Debug|Any CPU.Build.0 = Debug|Any CPU
		{FCB4D1DD-4168-DF1A-625E-202D2BBE8227}.Release|Any CPU.ActiveCfg = Release|Any CPU
		{FCB4D1DD-4168-DF1A-625E-202D2BBE8227}.Release|Any CPU.Build.0 = Release|Any CPU
		{59724532-0D25-BC9C-1571-9167208BB6FA}.Debug|Any CPU.ActiveCfg = Debug|Any CPU
		{59724532-0D25-BC9C-1571-9167208BB6FA}.Debug|Any CPU.Build.0 = Debug|Any CPU
		{59724532-0D25-BC9C-1571-9167208BB6FA}.Release|Any CPU.ActiveCfg = Release|Any CPU
		{59724532-0D25-BC9C-1571-9167208BB6FA}.Release|Any CPU.Build.0 = Release|Any CPU
		{459F5915-2245-0FEB-1FE9-5DEAD506504C}.Debug|Any CPU.ActiveCfg = Debug|Any CPU
		{459F5915-2245-0FEB-1FE9-5DEAD506504C}.Debug|Any CPU.Build.0 = Debug|Any CPU
		{459F5915-2245-0FEB-1FE9-5DEAD506504C}.Release|Any CPU.ActiveCfg = Release|Any CPU
		{459F5915-2245-0FEB-1FE9-5DEAD506504C}.Release|Any CPU.Build.0 = Release|Any CPU
		{9B3A5944-EDC9-10F7-597B-66A941D67553}.Debug|Any CPU.ActiveCfg = Debug|Any CPU
		{9B3A5944-EDC9-10F7-597B-66A941D67553}.Debug|Any CPU.Build.0 = Debug|Any CPU
		{9B3A5944-EDC9-10F7-597B-66A941D67553}.Release|Any CPU.ActiveCfg = Release|Any CPU
		{9B3A5944-EDC9-10F7-597B-66A941D67553}.Release|Any CPU.Build.0 = Release|Any CPU
		{EBC4E49E-44B0-BABB-A565-8F6CFF327793}.Debug|Any CPU.ActiveCfg = Debug|Any CPU
		{EBC4E49E-44B0-BABB-A565-8F6CFF327793}.Debug|Any CPU.Build.0 = Debug|Any CPU
		{EBC4E49E-44B0-BABB-A565-8F6CFF327793}.Release|Any CPU.ActiveCfg = Release|Any CPU
		{EBC4E49E-44B0-BABB-A565-8F6CFF327793}.Release|Any CPU.Build.0 = Release|Any CPU
	EndGlobalSection
	GlobalSection(SolutionProperties) = preSolution
		HideSolutionNode = FALSE
	EndGlobalSection
	GlobalSection(MonoDevelopProperties) = preSolution
		StartupItem = Assembly-CSharp.csproj
		Policies = $0
		$0.TextStylePolicy = $1
		$1.inheritsSet = null
		$1.scope = text/x-csharp
		$0.CSharpFormattingPolicy = $2
		$2.inheritsSet = Mono
		$2.inheritsScope = text/x-csharp
		$2.scope = text/x-csharp
		$0.TextStylePolicy = $3
		$3.FileWidth = 120
		$3.TabWidth = 4
		$3.IndentWidth = 4
		$3.EolMarker = Unix
		$3.inheritsSet = Mono
		$3.inheritsScope = text/plain
		$3.scope = text/plain
	EndGlobalSection
EndGlobal
